
Microsoft Visual Studio Solution File, Format Version 12.00
# Visual Studio Version 17
VisualStudioVersion = 17.11.35327.3
MinimumVisualStudioVersion = 10.0.40219.1
Project("{8BC9CEB8-8B4A-11D0-8D11-00A0C91BC942}") = "Lab-1", "Lab-1\Lab-1.vcxproj", "{2A71EB97-102D-4670-937D-E86AFA0FC59A}"
EndProject
Project("{8BC9CEB8-8B4A-11D0-8D11-00A0C91BC942}") = "Pizza", "Pizza\Pizza.vcxproj", "{57628123-7265-4A6B-9E31-35578913F9F2}"
EndProject
Project("{8BC9CEB8-8B4A-11D0-8D11-00A0C91BC942}") = "Lab-2", "Lab-2\Lab-2.vcxproj", "{52CBA990-0C2D-4A8A-8DB9-ECD886A4D07E}"
EndProject
Project("{8BC9CEB8-8B4A-11D0-8D11-00A0C91BC942}") = "Lab-3", "Lab-3\Lab-3.vcxproj", "{E075BA66-B1B6-4332-9BE2-0B8A6FD3E5B5}"
EndProject
Project("{8BC9CEB8-8B4A-11D0-8D11-00A0C91BC942}") = "Lab-4", "Lab-4\Lab-4.vcxproj", "{4414EE3E-A22D-424C-B92F-FCDE61F47DC7}"
EndProject
Global
	GlobalSection(SolutionConfigurationPlatforms) = preSolution
		Debug|x64 = Debug|x64
		Debug|x86 = Debug|x86
		Release|x64 = Release|x64
		Release|x86 = Release|x86
	EndGlobalSection
	GlobalSection(ProjectConfigurationPlatforms) = postSolution
		{2A71EB97-102D-4670-937D-E86AFA0FC59A}.Debug|x64.ActiveCfg = Debug|x64
		{2A71EB97-102D-4670-937D-E86AFA0FC59A}.Debug|x64.Build.0 = Debug|x64
		{2A71EB97-102D-4670-937D-E86AFA0FC59A}.Debug|x86.ActiveCfg = Debug|Win32
		{2A71EB97-102D-4670-937D-E86AFA0FC59A}.Debug|x86.Build.0 = Debug|Win32
		{2A71EB97-102D-4670-937D-E86AFA0FC59A}.Release|x64.ActiveCfg = Release|x64
		{2A71EB97-102D-4670-937D-E86AFA0FC59A}.Release|x64.Build.0 = Release|x64
		{2A71EB97-102D-4670-937D-E86AFA0FC59A}.Release|x86.ActiveCfg = Release|Win32
		{2A71EB97-102D-4670-937D-E86AFA0FC59A}.Release|x86.Build.0 = Release|Win32
		{57628123-7265-4A6B-9E31-35578913F9F2}.Debug|x64.ActiveCfg = Debug|x64
		{57628123-7265-4A6B-9E31-35578913F9F2}.Debug|x64.Build.0 = Debug|x64
		{57628123-7265-4A6B-9E31-35578913F9F2}.Debug|x86.ActiveCfg = Debug|Win32
		{57628123-7265-4A6B-9E31-35578913F9F2}.Debug|x86.Build.0 = Debug|Win32
		{57628123-7265-4A6B-9E31-35578913F9F2}.Release|x64.ActiveCfg = Release|x64
		{57628123-7265-4A6B-9E31-35578913F9F2}.Release|x64.Build.0 = Release|x64
		{57628123-7265-4A6B-9E31-35578913F9F2}.Release|x86.ActiveCfg = Release|Win32
		{57628123-7265-4A6B-9E31-35578913F9F2}.Release|x86.Build.0 = Release|Win32
		{52CBA990-0C2D-4A8A-8DB9-ECD886A4D07E}.Debug|x64.ActiveCfg = Debug|x64
		{52CBA990-0C2D-4A8A-8DB9-ECD886A4D07E}.Debug|x64.Build.0 = Debug|x64
		{52CBA990-0C2D-4A8A-8DB9-ECD886A4D07E}.Debug|x86.ActiveCfg = Debug|Win32
		{52CBA990-0C2D-4A8A-8DB9-ECD886A4D07E}.Debug|x86.Build.0 = Debug|Win32
		{52CBA990-0C2D-4A8A-8DB9-ECD886A4D07E}.Release|x64.ActiveCfg = Release|x64
		{52CBA990-0C2D-4A8A-8DB9-ECD886A4D07E}.Release|x64.Build.0 = Release|x64
		{52CBA990-0C2D-4A8A-8DB9-ECD886A4D07E}.Release|x86.ActiveCfg = Release|Win32
		{52CBA990-0C2D-4A8A-8DB9-ECD886A4D07E}.Release|x86.Build.0 = Release|Win32
		{E075BA66-B1B6-4332-9BE2-0B8A6FD3E5B5}.Debug|x64.ActiveCfg = Debug|x64
		{E075BA66-B1B6-4332-9BE2-0B8A6FD3E5B5}.Debug|x64.Build.0 = Debug|x64
		{E075BA66-B1B6-4332-9BE2-0B8A6FD3E5B5}.Debug|x86.ActiveCfg = Debug|Win32
		{E075BA66-B1B6-4332-9BE2-0B8A6FD3E5B5}.Debug|x86.Build.0 = Debug|Win32
		{E075BA66-B1B6-4332-9BE2-0B8A6FD3E5B5}.Release|x64.ActiveCfg = Release|x64
		{E075BA66-B1B6-4332-9BE2-0B8A6FD3E5B5}.Release|x64.Build.0 = Release|x64
		{E075BA66-B1B6-4332-9BE2-0B8A6FD3E5B5}.Release|x86.ActiveCfg = Release|Win32
		{E075BA66-B1B6-4332-9BE2-0B8A6FD3E5B5}.Release|x86.Build.0 = Release|Win32
		{4414EE3E-A22D-424C-B92F-FCDE61F47DC7}.Debug|x64.ActiveCfg = Debug|x64
		{4414EE3E-A22D-424C-B92F-FCDE61F47DC7}.Debug|x64.Build.0 = Debug|x64
		{4414EE3E-A22D-424C-B92F-FCDE61F47DC7}.Debug|x86.ActiveCfg = Debug|Win32
		{4414EE3E-A22D-424C-B92F-FCDE61F47DC7}.Debug|x86.Build.0 = Debug|Win32
		{4414EE3E-A22D-424C-B92F-FCDE61F47DC7}.Release|x64.ActiveCfg = Release|x64
		{4414EE3E-A22D-424C-B92F-FCDE61F47DC7}.Release|x64.Build.0 = Release|x64
		{4414EE3E-A22D-424C-B92F-FCDE61F47DC7}.Release|x86.ActiveCfg = Release|Win32
		{4414EE3E-A22D-424C-B92F-FCDE61F47DC7}.Release|x86.Build.0 = Release|Win32
	EndGlobalSection
	GlobalSection(SolutionProperties) = preSolution
		HideSolutionNode = FALSE
	EndGlobalSection
	GlobalSection(ExtensibilityGlobals) = postSolution
		SolutionGuid = {B13D80A4-CA46-4E95-83EB-1CB2B1DF4677}
	EndGlobalSection
EndGlobal
